
Microsoft Visual Studio Solution File, Format Version 12.00
# Visual Studio 15
VisualStudioVersion = 15.0.28307.421
MinimumVisualStudioVersion = 10.0.40219.1
Project("{2150E333-8FDC-42A3-9474-1A3956D46DE8}") = "Domain", "Domain", "{A49E4217-F67C-47AB-B3E3-7290C04EF0ED}"
EndProject
Project("{2150E333-8FDC-42A3-9474-1A3956D46DE8}") = "Tests", "Tests", "{8BCEECAB-CBD0-4618-A02F-2D2E964F5C28}"
EndProject
Project("{9A19103F-16F7-4668-BE54-9A1E7A4F7556}") = "MarsRover.Domain", "MarsRover.Domain\MarsRover.Domain.csproj", "{4352EAFB-5537-4309-81B5-235BC32A97A7}"
EndProject
Project("{FAE04EC0-301F-11D3-BF4B-00C04F79EFBC}") = "MarsRover.Tests.NUnit", "MarsRover.Tests.NUnit\MarsRover.Tests.NUnit.csproj", "{99B4DC97-C42E-459C-9592-80B58B24CCC2}"
EndProject
Project("{9A19103F-16F7-4668-BE54-9A1E7A4F7556}") = "MarsRover.Tests.XUnit", "MarsRover.Tests.XUnit\MarsRover.Tests.XUnit.csproj", "{213488EE-B2EC-46C5-BC62-B4C430B24714}"
EndProject
Global
	GlobalSection(SolutionConfigurationPlatforms) = preSolution
		Debug|Any CPU = Debug|Any CPU
		Release|Any CPU = Release|Any CPU
	EndGlobalSection
	GlobalSection(ProjectConfigurationPlatforms) = postSolution
		{4352EAFB-5537-4309-81B5-235BC32A97A7}.Debug|Any CPU.ActiveCfg = Debug|Any CPU
		{4352EAFB-5537-4309-81B5-235BC32A97A7}.Debug|Any CPU.Build.0 = Debug|Any CPU
		{4352EAFB-5537-4309-81B5-235BC32A97A7}.Release|Any CPU.ActiveCfg = Release|Any CPU
		{4352EAFB-5537-4309-81B5-235BC32A97A7}.Release|Any CPU.Build.0 = Release|Any CPU
		{99B4DC97-C42E-459C-9592-80B58B24CCC2}.Debug|Any CPU.ActiveCfg = Debug|Any CPU
		{99B4DC97-C42E-459C-9592-80B58B24CCC2}.Debug|Any CPU.Build.0 = Debug|Any CPU
		{99B4DC97-C42E-459C-9592-80B58B24CCC2}.Release|Any CPU.ActiveCfg = Release|Any CPU
		{99B4DC97-C42E-459C-9592-80B58B24CCC2}.Release|Any CPU.Build.0 = Release|Any CPU
		{213488EE-B2EC-46C5-BC62-B4C430B24714}.Debug|Any CPU.ActiveCfg = Debug|Any CPU
		{213488EE-B2EC-46C5-BC62-B4C430B24714}.Debug|Any CPU.Build.0 = Debug|Any CPU
		{213488EE-B2EC-46C5-BC62-B4C430B24714}.Release|Any CPU.ActiveCfg = Release|Any CPU
		{213488EE-B2EC-46C5-BC62-B4C430B24714}.Release|Any CPU.Build.0 = Release|Any CPU
	EndGlobalSection
	GlobalSection(SolutionProperties) = preSolution
		HideSolutionNode = FALSE
	EndGlobalSection
	GlobalSection(NestedProjects) = preSolution
		{4352EAFB-5537-4309-81B5-235BC32A97A7} = {A49E4217-F67C-47AB-B3E3-7290C04EF0ED}
		{99B4DC97-C42E-459C-9592-80B58B24CCC2} = {8BCEECAB-CBD0-4618-A02F-2D2E964F5C28}
		{213488EE-B2EC-46C5-BC62-B4C430B24714} = {8BCEECAB-CBD0-4618-A02F-2D2E964F5C28}
	EndGlobalSection
	GlobalSection(ExtensibilityGlobals) = postSolution
		SolutionGuid = {B202F622-CB92-49A8-9C87-5776BC34BB4A}
	EndGlobalSection
EndGlobal
